// !$*UTF8*$!
{
	archiveVersion = 1;
	classes = {
	};
	objectVersion = 77;
	objects = {

/* Begin PBXContainerItemProxy section */
		457722202CF6CDFD00FB7785 /* PBXContainerItemProxy */ = {
			isa = PBXContainerItemProxy;
			containerPortal = 457722022CF6CDFC00FB7785 /* Project object */;
			proxyType = 1;
			remoteGlobalIDString = 457722092CF6CDFC00FB7785;
			remoteInfo = "ToDo List";
		};
		4577222A2CF6CDFD00FB7785 /* PBXContainerItemProxy */ = {
			isa = PBXContainerItemProxy;
			containerPortal = 457722022CF6CDFC00FB7785 /* Project object */;
			proxyType = 1;
			remoteGlobalIDString = 457722092CF6CDFC00FB7785;
			remoteInfo = "ToDo List";
		};
/* End PBXContainerItemProxy section */

/* Begin PBXFileReference section */
		4577220A2CF6CDFC00FB7785 /* ToDo List.app */ = {isa = PBXFileReference; explicitFileType = wrapper.application; includeInIndex = 0; path = "ToDo List.app"; sourceTree = BUILT_PRODUCTS_DIR; };
		4577221F2CF6CDFD00FB7785 /* ToDo ListTests.xctest */ = {isa = PBXFileReference; explicitFileType = wrapper.cfbundle; includeInIndex = 0; path = "ToDo ListTests.xctest"; sourceTree = BUILT_PRODUCTS_DIR; };
		457722292CF6CDFD00FB7785 /* ToDo ListUITests.xctest */ = {isa = PBXFileReference; explicitFileType = wrapper.cfbundle; includeInIndex = 0; path = "ToDo ListUITests.xctest"; sourceTree = BUILT_PRODUCTS_DIR; };
/* End PBXFileReference section */

/* Begin PBXFileSystemSynchronizedRootGroup section */
		4577220C2CF6CDFC00FB7785 /* ToDo List */ = {
			isa = PBXFileSystemSynchronizedRootGroup;
			path = "ToDo List";
			sourceTree = "<group>";
		};
		457722222CF6CDFD00FB7785 /* ToDo ListTests */ = {
			isa = PBXFileSystemSynchronizedRootGroup;
			path = "ToDo ListTests";
			sourceTree = "<group>";
		};
		4577222C2CF6CDFD00FB7785 /* ToDo ListUITests */ = {
			isa = PBXFileSystemSynchronizedRootGroup;
			path = "ToDo ListUITests";
			sourceTree = "<group>";
		};
/* End PBXFileSystemSynchronizedRootGroup section */

/* Begin PBXFrameworksBuildPhase section */
		457722072CF6CDFC00FB7785 /* Frameworks */ = {
			isa = PBXFrameworksBuildPhase;
			buildActionMask = 2147483647;
			files = (
			);
			runOnlyForDeploymentPostprocessing = 0;
		};
		4577221C2CF6CDFD00FB7785 /* Frameworks */ = {
			isa = PBXFrameworksBuildPhase;
			buildActionMask = 2147483647;
			files = (
			);
			runOnlyForDeploymentPostprocessing = 0;
		};
		457722262CF6CDFD00FB7785 /* Frameworks */ = {
			isa = PBXFrameworksBuildPhase;
			buildActionMask = 2147483647;
			files = (
			);
			runOnlyForDeploymentPostprocessing = 0;
		};
/* End PBXFrameworksBuildPhase section */

/* Begin PBXGroup section */
		457722012CF6CDFC00FB7785 = {
			isa = PBXGroup;
			children = (
				4577220C2CF6CDFC00FB7785 /* ToDo List */,
				457722222CF6CDFD00FB7785 /* ToDo ListTests */,
				4577222C2CF6CDFD00FB7785 /* ToDo ListUITests */,
				4577220B2CF6CDFC00FB7785 /* Products */,
			);
			sourceTree = "<group>";
		};
		4577220B2CF6CDFC00FB7785 /* Products */ = {
			isa = PBXGroup;
			children = (
				4577220A2CF6CDFC00FB7785 /* ToDo List.app */,
				4577221F2CF6CDFD00FB7785 /* ToDo ListTests.xctest */,
				457722292CF6CDFD00FB7785 /* ToDo ListUITests.xctest */,
			);
			name = Products;
			sourceTree = "<group>";
		};
/* End PBXGroup section */

/* Begin PBXNativeTarget section */
		457722092CF6CDFC00FB7785 /* ToDo List */ = {
			isa = PBXNativeTarget;
			buildConfigurationList = 457722332CF6CDFD00FB7785 /* Build configuration list for PBXNativeTarget "ToDo List" */;
			buildPhases = (
				457722062CF6CDFC00FB7785 /* Sources */,
				457722072CF6CDFC00FB7785 /* Frameworks */,
				457722082CF6CDFC00FB7785 /* Resources */,
			);
			buildRules = (
			);
			dependencies = (
			);
			fileSystemSynchronizedGroups = (
				4577220C2CF6CDFC00FB7785 /* ToDo List */,
			);
			name = "ToDo List";
			packageProductDependencies = (
			);
			productName = "ToDo List";
			productReference = 4577220A2CF6CDFC00FB7785 /* ToDo List.app */;
			productType = "com.apple.product-type.application";
		};
		4577221E2CF6CDFD00FB7785 /* ToDo ListTests */ = {
			isa = PBXNativeTarget;
			buildConfigurationList = 457722362CF6CDFD00FB7785 /* Build configuration list for PBXNativeTarget "ToDo ListTests" */;
			buildPhases = (
				4577221B2CF6CDFD00FB7785 /* Sources */,
				4577221C2CF6CDFD00FB7785 /* Frameworks */,
				4577221D2CF6CDFD00FB7785 /* Resources */,
			);
			buildRules = (
			);
			dependencies = (
				457722212CF6CDFD00FB7785 /* PBXTargetDependency */,
			);
			fileSystemSynchronizedGroups = (
				457722222CF6CDFD00FB7785 /* ToDo ListTests */,
			);
			name = "ToDo ListTests";
			packageProductDependencies = (
			);
			productName = "ToDo ListTests";
			productReference = 4577221F2CF6CDFD00FB7785 /* ToDo ListTests.xctest */;
			productType = "com.apple.product-type.bundle.unit-test";
		};
		457722282CF6CDFD00FB7785 /* ToDo ListUITests */ = {
			isa = PBXNativeTarget;
			buildConfigurationList = 457722392CF6CDFD00FB7785 /* Build configuration list for PBXNativeTarget "ToDo ListUITests" */;
			buildPhases = (
				457722252CF6CDFD00FB7785 /* Sources */,
				457722262CF6CDFD00FB7785 /* Frameworks */,
				457722272CF6CDFD00FB7785 /* Resources */,
			);
			buildRules = (
			);
			dependencies = (
				4577222B2CF6CDFD00FB7785 /* PBXTargetDependency */,
			);
			fileSystemSynchronizedGroups = (
				4577222C2CF6CDFD00FB7785 /* ToDo ListUITests */,
			);
			name = "ToDo ListUITests";
			packageProductDependencies = (
			);
			productName = "ToDo ListUITests";
			productReference = 457722292CF6CDFD00FB7785 /* ToDo ListUITests.xctest */;
			productType = "com.apple.product-type.bundle.ui-testing";
		};
/* End PBXNativeTarget section */

/* Begin PBXProject section */
		457722022CF6CDFC00FB7785 /* Project object */ = {
			isa = PBXProject;
			attributes = {
				BuildIndependentTargetsInParallel = 1;
				LastSwiftUpdateCheck = 1610;
				LastUpgradeCheck = 1610;
				TargetAttributes = {
					457722092CF6CDFC00FB7785 = {
						CreatedOnToolsVersion = 16.1;
					};
					4577221E2CF6CDFD00FB7785 = {
						CreatedOnToolsVersion = 16.1;
						TestTargetID = 457722092CF6CDFC00FB7785;
					};
					457722282CF6CDFD00FB7785 = {
						CreatedOnToolsVersion = 16.1;
						TestTargetID = 457722092CF6CDFC00FB7785;
					};
				};
			};
			buildConfigurationList = 457722052CF6CDFC00FB7785 /* Build configuration list for PBXProject "ToDo List" */;
			developmentRegion = en;
			hasScannedForEncodings = 0;
			knownRegions = (
				en,
				Base,
			);
			mainGroup = 457722012CF6CDFC00FB7785;
			minimizedProjectReferenceProxies = 1;
			preferredProjectObjectVersion = 77;
			productRefGroup = 4577220B2CF6CDFC00FB7785 /* Products */;
			projectDirPath = "";
			projectRoot = "";
			targets = (
				457722092CF6CDFC00FB7785 /* ToDo List */,
				4577221E2CF6CDFD00FB7785 /* ToDo ListTests */,
				457722282CF6CDFD00FB7785 /* ToDo ListUITests */,
			);
		};
/* End PBXProject section */

/* Begin PBXResourcesBuildPhase section */
		457722082CF6CDFC00FB7785 /* Resources */ = {
			isa = PBXResourcesBuildPhase;
			buildActionMask = 2147483647;
			files = (
			);
			runOnlyForDeploymentPostprocessing = 0;
		};
		4577221D2CF6CDFD00FB7785 /* Resources */ = {
			isa = PBXResourcesBuildPhase;
			buildActionMask = 2147483647;
			files = (
			);
			runOnlyForDeploymentPostprocessing = 0;
		};
		457722272CF6CDFD00FB7785 /* Resources */ = {
			isa = PBXResourcesBuildPhase;
			buildActionMask = 2147483647;
			files = (
			);
			runOnlyForDeploymentPostprocessing = 0;
		};
/* End PBXResourcesBuildPhase section */

/* Begin PBXSourcesBuildPhase section */
		457722062CF6CDFC00FB7785 /* Sources */ = {
			isa = PBXSourcesBuildPhase;
			buildActionMask = 2147483647;
			files = (
			);
			runOnlyForDeploymentPostprocessing = 0;
		};
		4577221B2CF6CDFD00FB7785 /* Sources */ = {
			isa = PBXSourcesBuildPhase;
			buildActionMask = 2147483647;
			files = (
			);
			runOnlyForDeploymentPostprocessing = 0;
		};
		457722252CF6CDFD00FB7785 /* Sources */ = {
			isa = PBXSourcesBuildPhase;
			buildActionMask = 2147483647;
			files = (
			);
			runOnlyForDeploymentPostprocessing = 0;
		};
/* End PBXSourcesBuildPhase section */

/* Begin PBXTargetDependency section */
		457722212CF6CDFD00FB7785 /* PBXTargetDependency */ = {
			isa = PBXTargetDependency;
			target = 457722092CF6CDFC00FB7785 /* ToDo List */;
			targetProxy = 457722202CF6CDFD00FB7785 /* PBXContainerItemProxy */;
		};
		4577222B2CF6CDFD00FB7785 /* PBXTargetDependency */ = {
			isa = PBXTargetDependency;
			target = 457722092CF6CDFC00FB7785 /* ToDo List */;
			targetProxy = 4577222A2CF6CDFD00FB7785 /* PBXContainerItemProxy */;
		};
/* End PBXTargetDependency section */

/* Begin XCBuildConfiguration section */
		457722312CF6CDFD00FB7785 /* Debug */ = {
			isa = XCBuildConfiguration;
			buildSettings = {
				ALWAYS_SEARCH_USER_PATHS = NO;
				ASSETCATALOG_COMPILER_GENERATE_SWIFT_ASSET_SYMBOL_EXTENSIONS = YES;
				CLANG_ANALYZER_NONNULL = YES;
				CLANG_ANALYZER_NUMBER_OBJECT_CONVERSION = YES_AGGRESSIVE;
				CLANG_CXX_LANGUAGE_STANDARD = "gnu++20";
				CLANG_ENABLE_MODULES = YES;
				CLANG_ENABLE_OBJC_ARC = YES;
				CLANG_ENABLE_OBJC_WEAK = YES;
				CLANG_WARN_BLOCK_CAPTURE_AUTORELEASING = YES;
				CLANG_WARN_BOOL_CONVERSION = YES;
				CLANG_WARN_COMMA = YES;
				CLANG_WARN_CONSTANT_CONVERSION = YES;
				CLANG_WARN_DEPRECATED_OBJC_IMPLEMENTATIONS = YES;
				CLANG_WARN_DIRECT_OBJC_ISA_USAGE = YES_ERROR;
				CLANG_WARN_DOCUMENTATION_COMMENTS = YES;
				CLANG_WARN_EMPTY_BODY = YES;
				CLANG_WARN_ENUM_CONVERSION = YES;
				CLANG_WARN_INFINITE_RECURSION = YES;
				CLANG_WARN_INT_CONVERSION = YES;
				CLANG_WARN_NON_LITERAL_NULL_CONVERSION = YES;
				CLANG_WARN_OBJC_IMPLICIT_RETAIN_SELF = YES;
				CLANG_WARN_OBJC_LITERAL_CONVERSION = YES;
				CLANG_WARN_OBJC_ROOT_CLASS = YES_ERROR;
				CLANG_WARN_QUOTED_INCLUDE_IN_FRAMEWORK_HEADER = YES;
				CLANG_WARN_RANGE_LOOP_ANALYSIS = YES;
				CLANG_WARN_STRICT_PROTOTYPES = YES;
				CLANG_WARN_SUSPICIOUS_MOVE = YES;
				CLANG_WARN_UNGUARDED_AVAILABILITY = YES_AGGRESSIVE;
				CLANG_WARN_UNREACHABLE_CODE = YES;
				CLANG_WARN__DUPLICATE_METHOD_MATCH = YES;
				COPY_PHASE_STRIP = NO;
				DEBUG_INFORMATION_FORMAT = dwarf;
				ENABLE_STRICT_OBJC_MSGSEND = YES;
				ENABLE_TESTABILITY = YES;
				ENABLE_USER_SCRIPT_SANDBOXING = YES;
				GCC_C_LANGUAGE_STANDARD = gnu17;
				GCC_DYNAMIC_NO_PIC = NO;
				GCC_NO_COMMON_BLOCKS = YES;
				GCC_OPTIMIZATION_LEVEL = 0;
				GCC_PREPROCESSOR_DEFINITIONS = (
					"DEBUG=1",
					"$(inherited)",
				);
				GCC_WARN_64_TO_32_BIT_CONVERSION = YES;
				GCC_WARN_ABOUT_RETURN_TYPE = YES_ERROR;
				GCC_WARN_UNDECLARED_SELECTOR = YES;
				GCC_WARN_UNINITIALIZED_AUTOS = YES_AGGRESSIVE;
				GCC_WARN_UNUSED_FUNCTION = YES;
				GCC_WARN_UNUSED_VARIABLE = YES;
				IPHONEOS_DEPLOYMENT_TARGET = 18.1;
				LOCALIZATION_PREFERS_STRING_CATALOGS = YES;
				MTL_ENABLE_DEBUG_INFO = INCLUDE_SOURCE;
				MTL_FAST_MATH = YES;
				ONLY_ACTIVE_ARCH = YES;
				SDKROOT = iphoneos;
				SWIFT_ACTIVE_COMPILATION_CONDITIONS = "DEBUG $(inherited)";
				SWIFT_OPTIMIZATION_LEVEL = "-Onone";
			};
			name = Debug;
		};
		457722322CF6CDFD00FB7785 /* Release */ = {
			isa = XCBuildConfiguration;
			buildSettings = {
				ALWAYS_SEARCH_USER_PATHS = NO;
				ASSETCATALOG_COMPILER_GENERATE_SWIFT_ASSET_SYMBOL_EXTENSIONS = YES;
				CLANG_ANALYZER_NONNULL = YES;
				CLANG_ANALYZER_NUMBER_OBJECT_CONVERSION = YES_AGGRESSIVE;
				CLANG_CXX_LANGUAGE_STANDARD = "gnu++20";
				CLANG_ENABLE_MODULES = YES;
				CLANG_ENABLE_OBJC_ARC = YES;
				CLANG_ENABLE_OBJC_WEAK = YES;
				CLANG_WARN_BLOCK_CAPTURE_AUTORELEASING = YES;
				CLANG_WARN_BOOL_CONVERSION = YES;
				CLANG_WARN_COMMA = YES;
				CLANG_WARN_CONSTANT_CONVERSION = YES;
				CLANG_WARN_DEPRECATED_OBJC_IMPLEMENTATIONS = YES;
				CLANG_WARN_DIRECT_OBJC_ISA_USAGE = YES_ERROR;
				CLANG_WARN_DOCUMENTATION_COMMENTS = YES;
				CLANG_WARN_EMPTY_BODY = YES;
				CLANG_WARN_ENUM_CONVERSION = YES;
				CLANG_WARN_INFINITE_RECURSION = YES;
				CLANG_WARN_INT_CONVERSION = YES;
				CLANG_WARN_NON_LITERAL_NULL_CONVERSION = YES;
				CLANG_WARN_OBJC_IMPLICIT_RETAIN_SELF = YES;
				CLANG_WARN_OBJC_LITERAL_CONVERSION = YES;
				CLANG_WARN_OBJC_ROOT_CLASS = YES_ERROR;
				CLANG_WARN_QUOTED_INCLUDE_IN_FRAMEWORK_HEADER = YES;
				CLANG_WARN_RANGE_LOOP_ANALYSIS = YES;
				CLANG_WARN_STRICT_PROTOTYPES = YES;
				CLANG_WARN_SUSPICIOUS_MOVE = YES;
				CLANG_WARN_UNGUARDED_AVAILABILITY = YES_AGGRESSIVE;
				CLANG_WARN_UNREACHABLE_CODE = YES;
				CLANG_WARN__DUPLICATE_METHOD_MATCH = YES;
				COPY_PHASE_STRIP = NO;
				DEBUG_INFORMATION_FORMAT = "dwarf-with-dsym";
				ENABLE_NS_ASSERTIONS = NO;
				ENABLE_STRICT_OBJC_MSGSEND = YES;
				ENABLE_USER_SCRIPT_SANDBOXING = YES;
				GCC_C_LANGUAGE_STANDARD = gnu17;
				GCC_NO_COMMON_BLOCKS = YES;
				GCC_WARN_64_TO_32_BIT_CONVERSION = YES;
				GCC_WARN_ABOUT_RETURN_TYPE = YES_ERROR;
				GCC_WARN_UNDECLARED_SELECTOR = YES;
				GCC_WARN_UNINITIALIZED_AUTOS = YES_AGGRESSIVE;
				GCC_WARN_UNUSED_FUNCTION = YES;
				GCC_WARN_UNUSED_VARIABLE = YES;
				IPHONEOS_DEPLOYMENT_TARGET = 18.1;
				LOCALIZATION_PREFERS_STRING_CATALOGS = YES;
				MTL_ENABLE_DEBUG_INFO = NO;
				MTL_FAST_MATH = YES;
				SDKROOT = iphoneos;
				SWIFT_COMPILATION_MODE = wholemodule;
				VALIDATE_PRODUCT = YES;
			};
			name = Release;
		};
		457722342CF6CDFD00FB7785 /* Debug */ = {
			isa = XCBuildConfiguration;
			buildSettings = {
				ASSETCATALOG_COMPILER_APPICON_NAME = AppIcon;
				ASSETCATALOG_COMPILER_GLOBAL_ACCENT_COLOR_NAME = AccentColor;
				CODE_SIGN_STYLE = Automatic;
				CURRENT_PROJECT_VERSION = 1;
				DEVELOPMENT_ASSET_PATHS = "\"ToDo List/Preview Content\"";
				ENABLE_PREVIEWS = YES;
				GENERATE_INFOPLIST_FILE = YES;
				INFOPLIST_KEY_UIApplicationSceneManifest_Generation = YES;
				INFOPLIST_KEY_UIApplicationSupportsIndirectInputEvents = YES;
				INFOPLIST_KEY_UILaunchScreen_Generation = YES;
				INFOPLIST_KEY_UISupportedInterfaceOrientations_iPad = "UIInterfaceOrientationPortrait UIInterfaceOrientationPortraitUpsideDown UIInterfaceOrientationLandscapeLeft UIInterfaceOrientationLandscapeRight";
				INFOPLIST_KEY_UISupportedInterfaceOrientations_iPhone = "UIInterfaceOrientationPortrait UIInterfaceOrientationLandscapeLeft UIInterfaceOrientationLandscapeRight";
				LD_RUNPATH_SEARCH_PATHS = (
					"$(inherited)",
					"@executable_path/Frameworks",
				);
				MARKETING_VERSION = 1.0;
				PRODUCT_BUNDLE_IDENTIFIER = "com.example.ToDo-List";
				PRODUCT_NAME = "$(TARGET_NAME)";
				SWIFT_EMIT_LOC_STRINGS = YES;
				SWIFT_VERSION = 5.0;
				TARGETED_DEVICE_FAMILY = "1,2";
			};
			name = Debug;
		};
		457722352CF6CDFD00FB7785 /* Release */ = {
			isa = XCBuildConfiguration;
			buildSettings = {
				ASSETCATALOG_COMPILER_APPICON_NAME = AppIcon;
				ASSETCATALOG_COMPILER_GLOBAL_ACCENT_COLOR_NAME = AccentColor;
				CODE_SIGN_STYLE = Automatic;
				CURRENT_PROJECT_VERSION = 1;
				DEVELOPMENT_ASSET_PATHS = "\"ToDo List/Preview Content\"";
				ENABLE_PREVIEWS = YES;
				GENERATE_INFOPLIST_FILE = YES;
				INFOPLIST_KEY_UIApplicationSceneManifest_Generation = YES;
				INFOPLIST_KEY_UIApplicationSupportsIndirectInputEvents = YES;
				INFOPLIST_KEY_UILaunchScreen_Generation = YES;
				INFOPLIST_KEY_UISupportedInterfaceOrientations_iPad = "UIInterfaceOrientationPortrait UIInterfaceOrientationPortraitUpsideDown UIInterfaceOrientationLandscapeLeft UIInterfaceOrientationLandscapeRight";
				INFOPLIST_KEY_UISupportedInterfaceOrientations_iPhone = "UIInterfaceOrientationPortrait UIInterfaceOrientationLandscapeLeft UIInterfaceOrientationLandscapeRight";
				LD_RUNPATH_SEARCH_PATHS = (
					"$(inherited)",
					"@executable_path/Frameworks",
				);
				MARKETING_VERSION = 1.0;
				PRODUCT_BUNDLE_IDENTIFIER = "com.example.ToDo-List";
				PRODUCT_NAME = "$(TARGET_NAME)";
				SWIFT_EMIT_LOC_STRINGS = YES;
				SWIFT_VERSION = 5.0;
				TARGETED_DEVICE_FAMILY = "1,2";
			};
			name = Release;
		};
		457722372CF6CDFD00FB7785 /* Debug */ = {
			isa = XCBuildConfiguration;
			buildSettings = {
				BUNDLE_LOADER = "$(TEST_HOST)";
				CODE_SIGN_STYLE = Automatic;
				CURRENT_PROJECT_VERSION = 1;
				GENERATE_INFOPLIST_FILE = YES;
				IPHONEOS_DEPLOYMENT_TARGET = 18.1;
				MARKETING_VERSION = 1.0;
				PRODUCT_BUNDLE_IDENTIFIER = "com.example.ToDo-ListTests";
				PRODUCT_NAME = "$(TARGET_NAME)";
				SWIFT_EMIT_LOC_STRINGS = NO;
				SWIFT_VERSION = 5.0;
				TARGETED_DEVICE_FAMILY = "1,2";
				TEST_HOST = "$(BUILT_PRODUCTS_DIR)/ToDo List.app/$(BUNDLE_EXECUTABLE_FOLDER_PATH)/ToDo List";
			};
			name = Debug;
		};
		457722382CF6CDFD00FB7785 /* Release */ = {
			isa = XCBuildConfiguration;
			buildSettings = {
				BUNDLE_LOADER = "$(TEST_HOST)";
				CODE_SIGN_STYLE = Automatic;
				CURRENT_PROJECT_VERSION = 1;
				GENERATE_INFOPLIST_FILE = YES;
				IPHONEOS_DEPLOYMENT_TARGET = 18.1;
				MARKETING_VERSION = 1.0;
				PRODUCT_BUNDLE_IDENTIFIER = "com.example.ToDo-ListTests";
				PRODUCT_NAME = "$(TARGET_NAME)";
				SWIFT_EMIT_LOC_STRINGS = NO;
				SWIFT_VERSION = 5.0;
				TARGETED_DEVICE_FAMILY = "1,2";
				TEST_HOST = "$(BUILT_PRODUCTS_DIR)/ToDo List.app/$(BUNDLE_EXECUTABLE_FOLDER_PATH)/ToDo List";
			};
			name = Release;
		};
		4577223A2CF6CDFD00FB7785 /* Debug */ = {
			isa = XCBuildConfiguration;
			buildSettings = {
				CODE_SIGN_STYLE = Automatic;
				CURRENT_PROJECT_VERSION = 1;
				GENERATE_INFOPLIST_FILE = YES;
				MARKETING_VERSION = 1.0;
				PRODUCT_BUNDLE_IDENTIFIER = "com.example.ToDo-ListUITests";
				PRODUCT_NAME = "$(TARGET_NAME)";
				SWIFT_EMIT_LOC_STRINGS = NO;
				SWIFT_VERSION = 5.0;
				TARGETED_DEVICE_FAMILY = "1,2";
				TEST_TARGET_NAME = "ToDo List";
			};
			name = Debug;
		};
		4577223B2CF6CDFD00FB7785 /* Release */ = {
			isa = XCBuildConfiguration;
			buildSettings = {
				CODE_SIGN_STYLE = Automatic;
				CURRENT_PROJECT_VERSION = 1;
				GENERATE_INFOPLIST_FILE = YES;
				MARKETING_VERSION = 1.0;
				PRODUCT_BUNDLE_IDENTIFIER = "com.example.ToDo-ListUITests";
				PRODUCT_NAME = "$(TARGET_NAME)";
				SWIFT_EMIT_LOC_STRINGS = NO;
				SWIFT_VERSION = 5.0;
				TARGETED_DEVICE_FAMILY = "1,2";
				TEST_TARGET_NAME = "ToDo List";
			};
			name = Release;
		};
/* End XCBuildConfiguration section */

/* Begin XCConfigurationList section */
		457722052CF6CDFC00FB7785 /* Build configuration list for PBXProject "ToDo List" */ = {
			isa = XCConfigurationList;
			buildConfigurations = (
				457722312CF6CDFD00FB7785 /* Debug */,
				457722322CF6CDFD00FB7785 /* Release */,
			);
			defaultConfigurationIsVisible = 0;
			defaultConfigurationName = Release;
		};
		457722332CF6CDFD00FB7785 /* Build configuration list for PBXNativeTarget "ToDo List" */ = {
			isa = XCConfigurationList;
			buildConfigurations = (
				457722342CF6CDFD00FB7785 /* Debug */,
				457722352CF6CDFD00FB7785 /* Release */,
			);
			defaultConfigurationIsVisible = 0;
			defaultConfigurationName = Release;
		};
		457722362CF6CDFD00FB7785 /* Build configuration list for PBXNativeTarget "ToDo ListTests" */ = {
			isa = XCConfigurationList;
			buildConfigurations = (
				457722372CF6CDFD00FB7785 /* Debug */,
				457722382CF6CDFD00FB7785 /* Release */,
			);
			defaultConfigurationIsVisible = 0;
			defaultConfigurationName = Release;
		};
		457722392CF6CDFD00FB7785 /* Build configuration list for PBXNativeTarget "ToDo ListUITests" */ = {
			isa = XCConfigurationList;
			buildConfigurations = (
				4577223A2CF6CDFD00FB7785 /* Debug */,
				4577223B2CF6CDFD00FB7785 /* Release */,
			);
			defaultConfigurationIsVisible = 0;
			defaultConfigurationName = Release;
		};
/* End XCConfigurationList section */
	};
	rootObject = 457722022CF6CDFC00FB7785 /* Project object */;
}
